// !$*UTF8*$!
{
	archiveVersion = 1;
	classes = {
	};
	objectVersion = 50;
	objects = {

/* Begin PBXBuildFile section */
		1D79D3A224901D530055010E /* Cardify.swift in Sources */ = {isa = PBXBuildFile; fileRef = 1D79D3A124901D530055010E /* Cardify.swift */; };
		1DB1D19F248E9B9C00D39866 /* Pie.swift in Sources */ = {isa = PBXBuildFile; fileRef = 1DB1D19E248E9B9C00D39866 /* Pie.swift */; };
		1DBC4721247BE12B007EFEF0 /* MemoryGame.swift in Sources */ = {isa = PBXBuildFile; fileRef = 1DBC4720247BE12B007EFEF0 /* MemoryGame.swift */; };
		1DBC4723247C4B78007EFEF0 /* EmojiMemoryGame.swift in Sources */ = {isa = PBXBuildFile; fileRef = 1DBC4722247C4B78007EFEF0 /* EmojiMemoryGame.swift */; };
		1DC838012489AD4500C7EBC9 /* Array+Only.swift in Sources */ = {isa = PBXBuildFile; fileRef = 1DC838002489AD4500C7EBC9 /* Array+Only.swift */; };
		1DCB7CCC24746F1200E0FCA6 /* AppDelegate.swift in Sources */ = {isa = PBXBuildFile; fileRef = 1DCB7CCB24746F1200E0FCA6 /* AppDelegate.swift */; };
		1DCB7CCE24746F1200E0FCA6 /* SceneDelegate.swift in Sources */ = {isa = PBXBuildFile; fileRef = 1DCB7CCD24746F1200E0FCA6 /* SceneDelegate.swift */; };
		1DCB7CD024746F1200E0FCA6 /* ContentView.swift in Sources */ = {isa = PBXBuildFile; fileRef = 1DCB7CCF24746F1200E0FCA6 /* ContentView.swift */; };
		1DCB7CD224746F1300E0FCA6 /* Assets.xcassets in Resources */ = {isa = PBXBuildFile; fileRef = 1DCB7CD124746F1300E0FCA6 /* Assets.xcassets */; };
		1DCB7CD524746F1300E0FCA6 /* Preview Assets.xcassets in Resources */ = {isa = PBXBuildFile; fileRef = 1DCB7CD424746F1300E0FCA6 /* Preview Assets.xcassets */; };
		1DCB7CD824746F1300E0FCA6 /* LaunchScreen.storyboard in Resources */ = {isa = PBXBuildFile; fileRef = 1DCB7CD624746F1300E0FCA6 /* LaunchScreen.storyboard */; };
		1DFAAEAA24852BA1007CED8E /* Grid.swift in Sources */ = {isa = PBXBuildFile; fileRef = 1DFAAEA924852BA1007CED8E /* Grid.swift */; };
		1DFAAEAC2487B741007CED8E /* GridLayout.swift in Sources */ = {isa = PBXBuildFile; fileRef = 1DFAAEAB2487B741007CED8E /* GridLayout.swift */; };
		1DFAAEAE24883AE8007CED8E /* Array+Identifiable.swift in Sources */ = {isa = PBXBuildFile; fileRef = 1DFAAEAD24883AE7007CED8E /* Array+Identifiable.swift */; };
/* End PBXBuildFile section */

/* Begin PBXFileReference section */
		1D79D3A124901D530055010E /* Cardify.swift */ = {isa = PBXFileReference; lastKnownFileType = sourcecode.swift; path = Cardify.swift; sourceTree = "<group>"; };
		1DB1D19E248E9B9C00D39866 /* Pie.swift */ = {isa = PBXFileReference; lastKnownFileType = sourcecode.swift; path = Pie.swift; sourceTree = "<group>"; };
		1DBC4720247BE12B007EFEF0 /* MemoryGame.swift */ = {isa = PBXFileReference; lastKnownFileType = sourcecode.swift; path = MemoryGame.swift; sourceTree = "<group>"; };
		1DBC4722247C4B78007EFEF0 /* EmojiMemoryGame.swift */ = {isa = PBXFileReference; lastKnownFileType = sourcecode.swift; path = EmojiMemoryGame.swift; sourceTree = "<group>"; };
		1DC838002489AD4500C7EBC9 /* Array+Only.swift */ = {isa = PBXFileReference; lastKnownFileType = sourcecode.swift; path = "Array+Only.swift"; sourceTree = "<group>"; };
		1DCB7CC824746F1200E0FCA6 /* Memorize.app */ = {isa = PBXFileReference; explicitFileType = wrapper.application; includeInIndex = 0; path = Memorize.app; sourceTree = BUILT_PRODUCTS_DIR; };
		1DCB7CCB24746F1200E0FCA6 /* AppDelegate.swift */ = {isa = PBXFileReference; lastKnownFileType = sourcecode.swift; path = AppDelegate.swift; sourceTree = "<group>"; };
		1DCB7CCD24746F1200E0FCA6 /* SceneDelegate.swift */ = {isa = PBXFileReference; lastKnownFileType = sourcecode.swift; path = SceneDelegate.swift; sourceTree = "<group>"; };
		1DCB7CCF24746F1200E0FCA6 /* ContentView.swift */ = {isa = PBXFileReference; lastKnownFileType = sourcecode.swift; path = ContentView.swift; sourceTree = "<group>"; };
		1DCB7CD124746F1300E0FCA6 /* Assets.xcassets */ = {isa = PBXFileReference; lastKnownFileType = folder.assetcatalog; path = Assets.xcassets; sourceTree = "<group>"; };
		1DCB7CD424746F1300E0FCA6 /* Preview Assets.xcassets */ = {isa = PBXFileReference; lastKnownFileType = folder.assetcatalog; path = "Preview Assets.xcassets"; sourceTree = "<group>"; };
		1DCB7CD724746F1300E0FCA6 /* Base */ = {isa = PBXFileReference; lastKnownFileType = file.storyboard; name = Base; path = Base.lproj/LaunchScreen.storyboard; sourceTree = "<group>"; };
		1DCB7CD924746F1300E0FCA6 /* Info.plist */ = {isa = PBXFileReference; lastKnownFileType = text.plist.xml; path = Info.plist; sourceTree = "<group>"; };
		1DFAAEA924852BA1007CED8E /* Grid.swift */ = {isa = PBXFileReference; lastKnownFileType = sourcecode.swift; path = Grid.swift; sourceTree = "<group>"; };
		1DFAAEAB2487B741007CED8E /* GridLayout.swift */ = {isa = PBXFileReference; fileEncoding = 4; lastKnownFileType = sourcecode.swift; path = GridLayout.swift; sourceTree = "<group>"; };
		1DFAAEAD24883AE7007CED8E /* Array+Identifiable.swift */ = {isa = PBXFileReference; lastKnownFileType = sourcecode.swift; path = "Array+Identifiable.swift"; sourceTree = "<group>"; };
/* End PBXFileReference section */

/* Begin PBXFrameworksBuildPhase section */
		1DCB7CC524746F1200E0FCA6 /* Frameworks */ = {
			isa = PBXFrameworksBuildPhase;
			buildActionMask = 2147483647;
			files = (
			);
			runOnlyForDeploymentPostprocessing = 0;
		};
/* End PBXFrameworksBuildPhase section */

/* Begin PBXGroup section */
		1DCB7CBF24746F1200E0FCA6 = {
			isa = PBXGroup;
			children = (
				1DCB7CCA24746F1200E0FCA6 /* Memorize */,
				1DCB7CC924746F1200E0FCA6 /* Products */,
			);
			sourceTree = "<group>";
		};
		1DCB7CC924746F1200E0FCA6 /* Products */ = {
			isa = PBXGroup;
			children = (
				1DCB7CC824746F1200E0FCA6 /* Memorize.app */,
			);
			name = Products;
			sourceTree = "<group>";
		};
		1DCB7CCA24746F1200E0FCA6 /* Memorize */ = {
			isa = PBXGroup;
			children = (
				1DCB7CCF24746F1200E0FCA6 /* ContentView.swift */,
				1D79D3A124901D530055010E /* Cardify.swift */,
				1DB1D19E248E9B9C00D39866 /* Pie.swift */,
				1DBC4722247C4B78007EFEF0 /* EmojiMemoryGame.swift */,
				1DBC4720247BE12B007EFEF0 /* MemoryGame.swift */,
				1DFAAEA924852BA1007CED8E /* Grid.swift */,
				1DFAAEAB2487B741007CED8E /* GridLayout.swift */,
				1DC838002489AD4500C7EBC9 /* Array+Only.swift */,
				1DFAAEAD24883AE7007CED8E /* Array+Identifiable.swift */,
				1DCB7CCB24746F1200E0FCA6 /* AppDelegate.swift */,
				1DCB7CCD24746F1200E0FCA6 /* SceneDelegate.swift */,
				1DCB7CD124746F1300E0FCA6 /* Assets.xcassets */,
				1DCB7CD924746F1300E0FCA6 /* Info.plist */,
				1DCB7CD624746F1300E0FCA6 /* LaunchScreen.storyboard */,
				1DCB7CD324746F1300E0FCA6 /* Preview Content */,
			);
			path = Memorize;
			sourceTree = "<group>";
		};
		1DCB7CD324746F1300E0FCA6 /* Preview Content */ = {
			isa = PBXGroup;
			children = (
				1DCB7CD424746F1300E0FCA6 /* Preview Assets.xcassets */,
			);
			path = "Preview Content";
			sourceTree = "<group>";
		};
/* End PBXGroup section */

/* Begin PBXNativeTarget section */
		1DCB7CC724746F1200E0FCA6 /* Memorize */ = {
			isa = PBXNativeTarget;
			buildConfigurationList = 1DCB7CDC24746F1300E0FCA6 /* Build configuration list for PBXNativeTarget "Memorize" */;
			buildPhases = (
				1DCB7CC424746F1200E0FCA6 /* Sources */,
				1DCB7CC524746F1200E0FCA6 /* Frameworks */,
				1DCB7CC624746F1200E0FCA6 /* Resources */,
			);
			buildRules = (
			);
			dependencies = (
			);
			name = Memorize;
			productName = Memorize;
			productReference = 1DCB7CC824746F1200E0FCA6 /* Memorize.app */;
			productType = "com.apple.product-type.application";
		};
/* End PBXNativeTarget section */

/* Begin PBXProject section */
		1DCB7CC024746F1200E0FCA6 /* Project object */ = {
			isa = PBXProject;
			attributes = {
				LastSwiftUpdateCheck = 1140;
				LastUpgradeCheck = 1140;
				ORGANIZATIONNAME = "Ignasi Perez-Valls";
				TargetAttributes = {
					1DCB7CC724746F1200E0FCA6 = {
						CreatedOnToolsVersion = 11.4.1;
					};
				};
			};
			buildConfigurationList = 1DCB7CC324746F1200E0FCA6 /* Build configuration list for PBXProject "Memorize" */;
			compatibilityVersion = "Xcode 9.3";
			developmentRegion = en;
			hasScannedForEncodings = 0;
			knownRegions = (
				en,
				Base,
			);
			mainGroup = 1DCB7CBF24746F1200E0FCA6;
			productRefGroup = 1DCB7CC924746F1200E0FCA6 /* Products */;
			projectDirPath = "";
			projectRoot = "";
			targets = (
				1DCB7CC724746F1200E0FCA6 /* Memorize */,
			);
		};
/* End PBXProject section */

/* Begin PBXResourcesBuildPhase section */
		1DCB7CC624746F1200E0FCA6 /* Resources */ = {
			isa = PBXResourcesBuildPhase;
			buildActionMask = 2147483647;
			files = (
				1DCB7CD824746F1300E0FCA6 /* LaunchScreen.storyboard in Resources */,
				1DCB7CD524746F1300E0FCA6 /* Preview Assets.xcassets in Resources */,
				1DCB7CD224746F1300E0FCA6 /* Assets.xcassets in Resources */,
			);
			runOnlyForDeploymentPostprocessing = 0;
		};
/* End PBXResourcesBuildPhase section */

/* Begin PBXSourcesBuildPhase section */
		1DCB7CC424746F1200E0FCA6 /* Sources */ = {
			isa = PBXSourcesBuildPhase;
			buildActionMask = 2147483647;
			files = (
				1D79D3A224901D530055010E /* Cardify.swift in Sources */,
				1DB1D19F248E9B9C00D39866 /* Pie.swift in Sources */,
				1DCB7CCC24746F1200E0FCA6 /* AppDelegate.swift in Sources */,
				1DCB7CCE24746F1200E0FCA6 /* SceneDelegate.swift in Sources */,
				1DBC4721247BE12B007EFEF0 /* MemoryGame.swift in Sources */,
				1DC838012489AD4500C7EBC9 /* Array+Only.swift in Sources */,
				1DCB7CD024746F1200E0FCA6 /* ContentView.swift in Sources */,
				1DBC4723247C4B78007EFEF0 /* EmojiMemoryGame.swift in Sources */,
				1DFAAEAE24883AE8007CED8E /* Array+Identifiable.swift in Sources */,
				1DFAAEAC2487B741007CED8E /* GridLayout.swift in Sources */,
				1DFAAEAA24852BA1007CED8E /* Grid.swift in Sources */,
			);
			runOnlyForDeploymentPostprocessing = 0;
		};
/* End PBXSourcesBuildPhase section */

/* Begin PBXVariantGroup section */
		1DCB7CD624746F1300E0FCA6 /* LaunchScreen.storyboard */ = {
			isa = PBXVariantGroup;
			children = (
				1DCB7CD724746F1300E0FCA6 /* Base */,
			);
			name = LaunchScreen.storyboard;
			sourceTree = "<group>";
		};
/* End PBXVariantGroup section */

/* Begin XCBuildConfiguration section */
		1DCB7CDA24746F1300E0FCA6 /* Debug */ = {
			isa = XCBuildConfiguration;
			buildSettings = {
				ALWAYS_SEARCH_USER_PATHS = NO;
				CLANG_ANALYZER_NONNULL = YES;
				CLANG_ANALYZER_NUMBER_OBJECT_CONVERSION = YES_AGGRESSIVE;
				CLANG_CXX_LANGUAGE_STANDARD = "gnu++14";
				CLANG_CXX_LIBRARY = "libc++";
				CLANG_ENABLE_MODULES = YES;
				CLANG_ENABLE_OBJC_ARC = YES;
				CLANG_ENABLE_OBJC_WEAK = YES;
				CLANG_WARN_BLOCK_CAPTURE_AUTORELEASING = YES;
				CLANG_WARN_BOOL_CONVERSION = YES;
				CLANG_WARN_COMMA = YES;
				CLANG_WARN_CONSTANT_CONVERSION = YES;
				CLANG_WARN_DEPRECATED_OBJC_IMPLEMENTATIONS = YES;
				CLANG_WARN_DIRECT_OBJC_ISA_USAGE = YES_ERROR;
				CLANG_WARN_DOCUMENTATION_COMMENTS = YES;
				CLANG_WARN_EMPTY_BODY = YES;
				CLANG_WARN_ENUM_CONVERSION = YES;
				CLANG_WARN_INFINITE_RECURSION = YES;
				CLANG_WARN_INT_CONVERSION = YES;
				CLANG_WARN_NON_LITERAL_NULL_CONVERSION = YES;
				CLANG_WARN_OBJC_IMPLICIT_RETAIN_SELF = YES;
				CLANG_WARN_OBJC_LITERAL_CONVERSION = YES;
				CLANG_WARN_OBJC_ROOT_CLASS = YES_ERROR;
				CLANG_WARN_RANGE_LOOP_ANALYSIS = YES;
				CLANG_WARN_STRICT_PROTOTYPES = YES;
				CLANG_WARN_SUSPICIOUS_MOVE = YES;
				CLANG_WARN_UNGUARDED_AVAILABILITY = YES_AGGRESSIVE;
				CLANG_WARN_UNREACHABLE_CODE = YES;
				CLANG_WARN__DUPLICATE_METHOD_MATCH = YES;
				COPY_PHASE_STRIP = NO;
				DEBUG_INFORMATION_FORMAT = dwarf;
				ENABLE_STRICT_OBJC_MSGSEND = YES;
				ENABLE_TESTABILITY = YES;
				GCC_C_LANGUAGE_STANDARD = gnu11;
				GCC_DYNAMIC_NO_PIC = NO;
				GCC_NO_COMMON_BLOCKS = YES;
				GCC_OPTIMIZATION_LEVEL = 0;
				GCC_PREPROCESSOR_DEFINITIONS = (
					"DEBUG=1",
					"$(inherited)",
				);
				GCC_WARN_64_TO_32_BIT_CONVERSION = YES;
				GCC_WARN_ABOUT_RETURN_TYPE = YES_ERROR;
				GCC_WARN_UNDECLARED_SELECTOR = YES;
				GCC_WARN_UNINITIALIZED_AUTOS = YES_AGGRESSIVE;
				GCC_WARN_UNUSED_FUNCTION = YES;
				GCC_WARN_UNUSED_VARIABLE = YES;
				IPHONEOS_DEPLOYMENT_TARGET = 13.5;
				MTL_ENABLE_DEBUG_INFO = INCLUDE_SOURCE;
				MTL_FAST_MATH = YES;
				ONLY_ACTIVE_ARCH = YES;
				SDKROOT = iphoneos;
				SWIFT_ACTIVE_COMPILATION_CONDITIONS = DEBUG;
				SWIFT_OPTIMIZATION_LEVEL = "-Onone";
			};
			name = Debug;
		};
		1DCB7CDB24746F1300E0FCA6 /* Release */ = {
			isa = XCBuildConfiguration;
			buildSettings = {
				ALWAYS_SEARCH_USER_PATHS = NO;
				CLANG_ANALYZER_NONNULL = YES;
				CLANG_ANALYZER_NUMBER_OBJECT_CONVERSION = YES_AGGRESSIVE;
				CLANG_CXX_LANGUAGE_STANDARD = "gnu++14";
				CLANG_CXX_LIBRARY = "libc++";
				CLANG_ENABLE_MODULES = YES;
				CLANG_ENABLE_OBJC_ARC = YES;
				CLANG_ENABLE_OBJC_WEAK = YES;
				CLANG_WARN_BLOCK_CAPTURE_AUTORELEASING = YES;
				CLANG_WARN_BOOL_CONVERSION = YES;
				CLANG_WARN_COMMA = YES;
				CLANG_WARN_CONSTANT_CONVERSION = YES;
				CLANG_WARN_DEPRECATED_OBJC_IMPLEMENTATIONS = YES;
				CLANG_WARN_DIRECT_OBJC_ISA_USAGE = YES_ERROR;
				CLANG_WARN_DOCUMENTATION_COMMENTS = YES;
				CLANG_WARN_EMPTY_BODY = YES;
				CLANG_WARN_ENUM_CONVERSION = YES;
				CLANG_WARN_INFINITE_RECURSION = YES;
				CLANG_WARN_INT_CONVERSION = YES;
				CLANG_WARN_NON_LITERAL_NULL_CONVERSION = YES;
				CLANG_WARN_OBJC_IMPLICIT_RETAIN_SELF = YES;
				CLANG_WARN_OBJC_LITERAL_CONVERSION = YES;
				CLANG_WARN_OBJC_ROOT_CLASS = YES_ERROR;
				CLANG_WARN_RANGE_LOOP_ANALYSIS = YES;
				CLANG_WARN_STRICT_PROTOTYPES = YES;
				CLANG_WARN_SUSPICIOUS_MOVE = YES;
				CLANG_WARN_UNGUARDED_AVAILABILITY = YES_AGGRESSIVE;
				CLANG_WARN_UNREACHABLE_CODE = YES;
				CLANG_WARN__DUPLICATE_METHOD_MATCH = YES;
				COPY_PHASE_STRIP = NO;
				DEBUG_INFORMATION_FORMAT = "dwarf-with-dsym";
				ENABLE_NS_ASSERTIONS = NO;
				ENABLE_STRICT_OBJC_MSGSEND = YES;
				GCC_C_LANGUAGE_STANDARD = gnu11;
				GCC_NO_COMMON_BLOCKS = YES;
				GCC_WARN_64_TO_32_BIT_CONVERSION = YES;
				GCC_WARN_ABOUT_RETURN_TYPE = YES_ERROR;
				GCC_WARN_UNDECLARED_SELECTOR = YES;
				GCC_WARN_UNINITIALIZED_AUTOS = YES_AGGRESSIVE;
				GCC_WARN_UNUSED_FUNCTION = YES;
				GCC_WARN_UNUSED_VARIABLE = YES;
				IPHONEOS_DEPLOYMENT_TARGET = 13.5;
				MTL_ENABLE_DEBUG_INFO = NO;
				MTL_FAST_MATH = YES;
				SDKROOT = iphoneos;
				SWIFT_COMPILATION_MODE = wholemodule;
				SWIFT_OPTIMIZATION_LEVEL = "-O";
				VALIDATE_PRODUCT = YES;
			};
			name = Release;
		};
		1DCB7CDD24746F1300E0FCA6 /* Debug */ = {
			isa = XCBuildConfiguration;
			buildSettings = {
				ASSETCATALOG_COMPILER_APPICON_NAME = AppIcon;
				CODE_SIGN_STYLE = Automatic;
				DEVELOPMENT_ASSET_PATHS = "\"Memorize/Preview Content\"";
				DEVELOPMENT_TEAM = 949Z9P63ML;
				ENABLE_PREVIEWS = YES;
				INFOPLIST_FILE = Memorize/Info.plist;
				LD_RUNPATH_SEARCH_PATHS = (
					"$(inherited)",
					"@executable_path/Frameworks",
				);
				PRODUCT_BUNDLE_IDENTIFIER = com.ignasiperez.Memorize;
				PRODUCT_NAME = "$(TARGET_NAME)";
				SWIFT_VERSION = 5.0;
				TARGETED_DEVICE_FAMILY = "1,2";
			};
			name = Debug;
		};
		1DCB7CDE24746F1300E0FCA6 /* Release */ = {
			isa = XCBuildConfiguration;
			buildSettings = {
				ASSETCATALOG_COMPILER_APPICON_NAME = AppIcon;
				CODE_SIGN_STYLE = Automatic;
				DEVELOPMENT_ASSET_PATHS = "\"Memorize/Preview Content\"";
				DEVELOPMENT_TEAM = 949Z9P63ML;
				ENABLE_PREVIEWS = YES;
				INFOPLIST_FILE = Memorize/Info.plist;
				LD_RUNPATH_SEARCH_PATHS = (
					"$(inherited)",
					"@executable_path/Frameworks",
				);
				PRODUCT_BUNDLE_IDENTIFIER = com.ignasiperez.Memorize;
				PRODUCT_NAME = "$(TARGET_NAME)";
				SWIFT_VERSION = 5.0;
				TARGETED_DEVICE_FAMILY = "1,2";
			};
			name = Release;
		};
/* End XCBuildConfiguration section */

/* Begin XCConfigurationList section */
		1DCB7CC324746F1200E0FCA6 /* Build configuration list for PBXProject "Memorize" */ = {
			isa = XCConfigurationList;
			buildConfigurations = (
				1DCB7CDA24746F1300E0FCA6 /* Debug */,
				1DCB7CDB24746F1300E0FCA6 /* Release */,
			);
			defaultConfigurationIsVisible = 0;
			defaultConfigurationName = Release;
		};
		1DCB7CDC24746F1300E0FCA6 /* Build configuration list for PBXNativeTarget "Memorize" */ = {
			isa = XCConfigurationList;
			buildConfigurations = (
				1DCB7CDD24746F1300E0FCA6 /* Debug */,
				1DCB7CDE24746F1300E0FCA6 /* Release */,
			);
			defaultConfigurationIsVisible = 0;
			defaultConfigurationName = Release;
		};
/* End XCConfigurationList section */
	};
	rootObject = 1DCB7CC024746F1200E0FCA6 /* Project object */;
}
